
Microsoft Visual Studio Solution File, Format Version 12.00
# Visual Studio Version 17
VisualStudioVersion = 17.7.34009.444
MinimumVisualStudioVersion = 10.0.40219.1
Project("{F184B08F-C81C-45F6-A57F-5ABD9991F28F}") = "Dagyapen_calculatiks", "Dagyapen_calculatiks\Dagyapen_calculatiks.vbproj", "{6808C8A6-4E63-493F-B4A7-54C562F1AD59}"
EndProject
Global
	GlobalSection(SolutionConfigurationPlatforms) = preSolution
		Debug|Any CPU = Debug|Any CPU
		Release|Any CPU = Release|Any CPU
	EndGlobalSection
	GlobalSection(ProjectConfigurationPlatforms) = postSolution
		{6808C8A6-4E63-493F-B4A7-54C562F1AD59}.Debug|Any CPU.ActiveCfg = Debug|Any CPU
		{6808C8A6-4E63-493F-B4A7-54C562F1AD59}.Debug|Any CPU.Build.0 = Debug|Any CPU
		{6808C8A6-4E63-493F-B4A7-54C562F1AD59}.Release|Any CPU.ActiveCfg = Release|Any CPU
		{6808C8A6-4E63-493F-B4A7-54C562F1AD59}.Release|Any CPU.Build.0 = Release|Any CPU
	EndGlobalSection
	GlobalSection(SolutionProperties) = preSolution
		HideSolutionNode = FALSE
	EndGlobalSection
	GlobalSection(ExtensibilityGlobals) = postSolution
		SolutionGuid = {70F7DD84-F68E-47DE-BF19-49CD31A90622}
	EndGlobalSection
EndGlobal
